<?xml version="1.0" encoding="utf-8"?>
<Project ToolsVersion="4.0" xmlns="http://schemas.microsoft.com/developer/msbuild/2003">
  <ItemGroup>
    <Filter Include="Source Files">
      <UniqueIdentifier>{4FC737F1-C7A5-4376-A066-2A32D752A2FF}</UniqueIdentifier>
      <Extensions>cpp;c;cc;cxx;def;odl;idl;hpj;bat;asm;asmx</Extensions>
    </Filter>
    <Filter Include="Header Files">
      <UniqueIdentifier>{93995380-89BD-4b04-88EB-625FBE52EBFB}</UniqueIdentifier>
      <Extensions>h;hh;hpp;hxx;hm;inl;inc;xsd</Extensions>
    </Filter>
    <Filter Include="Resource Files">
      <UniqueIdentifier>{67DA6AB6-F800-4c08-8B7A-83BB121AAD01}</UniqueIdentifier>
      <Extensions>rc;ico;cur;bmp;dlg;rc2;rct;bin;rgs;gif;jpg;jpeg;jpe;resx;tiff;tif;png;wav;mfcribbon-ms</Extensions>
    </Filter>
  </ItemGroup>
  <ItemGroup>
    <ClCompile Include="bin\bench\Main.cpp">
      <Filter>Source Files</Filter>
    </ClCompile>
    <ClCompile Include="lib\libarch\arm\broadcom\BroadcomGPIO.cpp">
      <Filter>Source Files</Filter>
    </ClCompile>
    <ClCompile Include="lib\libarch\arm\broadcom\BroadcomInterrupt.cpp">
      <Filter>Source Files</Filter>
    </ClCompile>
    <ClCompile Include="lib\libarch\arm\broadcom\BroadcomMailbox.cpp">
      <Filter>Source Files</Filter>
    </ClCompile>
    <ClCompile Include="lib\libarch\arm\broadcom\BroadcomPower.cpp">
      <Filter>Source Files</Filter>
    </ClCompile>
    <ClCompile Include="lib\libarch\arm\broadcom\BroadcomTimer.cpp">
      <Filter>Source Files</Filter>
    </ClCompile>
    <ClCompile Include="lib\libarch\arm\ARMCacheV6.cpp">
      <Filter>Source Files</Filter>
    </ClCompile>
    <ClCompile Include="lib\libarch\arm\ARMCacheV7.cpp">
      <Filter>Source Files</Filter>
    </ClCompile>
    <ClCompile Include="lib\libarch\arm\ARMControl.cpp">
      <Filter>Source Files</Filter>
    </ClCompile>
    <ClCompile Include="lib\libarch\arm\ARMCore.cpp">
      <Filter>Source Files</Filter>
    </ClCompile>
    <ClCompile Include="lib\libarch\arm\ARMFirstTable.cpp">
      <Filter>Source Files</Filter>
    </ClCompile>
    <ClCompile Include="lib\libarch\arm\ARMInterrupt.cpp">
      <Filter>Source Files</Filter>
    </ClCompile>
    <ClCompile Include="lib\libarch\arm\ARMIO.cpp">
      <Filter>Source Files</Filter>
    </ClCompile>
    <ClCompile Include="lib\libarch\arm\ARMMap.cpp">
      <Filter>Source Files</Filter>
    </ClCompile>
    <ClCompile Include="lib\libarch\arm\ARMPaging.cpp">
      <Filter>Source Files</Filter>
    </ClCompile>
    <ClCompile Include="lib\libarch\arm\ARMSecondTable.cpp">
      <Filter>Source Files</Filter>
    </ClCompile>
    <ClCompile Include="lib\libarch\arm\ARMTags.cpp">
      <Filter>Source Files</Filter>
    </ClCompile>
    <ClCompile Include="lib\libarch\intel\IntelACPI.cpp">
      <Filter>Source Files</Filter>
    </ClCompile>
    <ClCompile Include="lib\libarch\intel\IntelAPIC.cpp">
      <Filter>Source Files</Filter>
    </ClCompile>
    <ClCompile Include="lib\libarch\intel\IntelBoot.cpp">
      <Filter>Source Files</Filter>
    </ClCompile>
    <ClCompile Include="lib\libarch\intel\IntelCache.cpp">
      <Filter>Source Files</Filter>
    </ClCompile>
    <ClCompile Include="lib\libarch\intel\IntelCore.cpp">
      <Filter>Source Files</Filter>
    </ClCompile>
    <ClCompile Include="lib\libarch\intel\IntelMap.cpp">
      <Filter>Source Files</Filter>
    </ClCompile>
    <ClCompile Include="lib\libarch\intel\IntelMP.cpp">
      <Filter>Source Files</Filter>
    </ClCompile>
    <ClCompile Include="lib\libarch\intel\IntelPageDirectory.cpp">
      <Filter>Source Files</Filter>
    </ClCompile>
    <ClCompile Include="lib\libarch\intel\IntelPageTable.cpp">
      <Filter>Source Files</Filter>
    </ClCompile>
    <ClCompile Include="lib\libarch\intel\IntelPaging.cpp">
      <Filter>Source Files</Filter>
    </ClCompile>
    <ClCompile Include="lib\libarch\intel\IntelPIC.cpp">
      <Filter>Source Files</Filter>
    </ClCompile>
    <ClCompile Include="lib\libarch\intel\IntelPIT.cpp">
      <Filter>Source Files</Filter>
    </ClCompile>
    <ClCompile Include="lib\libstd\Container.cpp">
      <Filter>Source Files</Filter>
    </ClCompile>
    <ClCompile Include="lib\libstd\String.cpp">
      <Filter>Source Files</Filter>
    </ClCompile>
    <ClCompile Include="lib\libstd\MemoryBlock.cpp">
      <Filter>Source Files</Filter>
    </ClCompile>
    <ClCompile Include="lib\libstd\Log.cpp">
      <Filter>Source Files</Filter>
    </ClCompile>
    <ClCompile Include="kernel\API\PrivExec.cpp">
      <Filter>Source Files</Filter>
    </ClCompile>
    <ClCompile Include="lib\libarch\MemoryMap.cpp">
      <Filter>Source Files</Filter>
    </ClCompile>
    <ClCompile Include="lib\libarch\Timer.cpp">
      <Filter>Source Files</Filter>
    </ClCompile>
    <ClCompile Include="lib\libstd\BitArray.cpp">
      <Filter>Source Files</Filter>
    </ClCompile>
    <ClCompile Include="lib\liballoc\BitAllocator.cpp">
      <Filter>Source Files</Filter>
    </ClCompile>
    <ClCompile Include="lib\liballoc\SplitAllocator.cpp">
      <Filter>Source Files</Filter>
    </ClCompile>
    <ClCompile Include="lib\libarch\MemoryContext.cpp">
      <Filter>Source Files</Filter>
    </ClCompile>
    <ClCompile Include="lib\libarch\IO.cpp">
      <Filter>Source Files</Filter>
    </ClCompile>
    <ClCompile Include="kernel\API\VMCtl.cpp">
      <Filter>Source Files</Filter>
    </ClCompile>
    <ClCompile Include="lib\libipc\Channel.cpp">
      <Filter>Source Files</Filter>
    </ClCompile>
    <ClCompile Include="lib\libipc\MemoryChannel.cpp">
      <Filter>Source Files</Filter>
    </ClCompile>
    <ClCompile Include="kernel\ProcessShares.cpp">
      <Filter>Source Files</Filter>
    </ClCompile>
    <ClCompile Include="lib\libarch\IntController.cpp">
      <Filter>Source Files</Filter>
    </ClCompile>
    <ClCompile Include="kernel\Process.cpp">
      <Filter>Source Files</Filter>
    </ClCompile>
    <ClCompile Include="kernel\Scheduler.cpp">
      <Filter>Source Files</Filter>
    </ClCompile>
    <ClCompile Include="kernel\ProcessManager.cpp">
      <Filter>Source Files</Filter>
    </ClCompile>
    <ClCompile Include="kernel\Kernel.cpp">
      <Filter>Source Files</Filter>
    </ClCompile>
    <ClCompile Include="kernel\intel\IntelProcess.cpp">
      <Filter>Source Files</Filter>
    </ClCompile>
    <ClCompile Include="lib\liballoc\BublleAllocator.cpp">
      <Filter>Source Files</Filter>
    </ClCompile>
    <ClCompile Include="lib\libfs\File.cpp">
      <Filter>Source Files</Filter>
    </ClCompile>
    <ClCompile Include="lib\libfs\Device.cpp">
      <Filter>Source Files</Filter>
    </ClCompile>
    <ClCompile Include="lib\libteken\teken.cpp">
      <Filter>Source Files</Filter>
    </ClCompile>
    <ClCompile Include="lib\libposix\stdio\fopen.cpp">
      <Filter>Source Files</Filter>
    </ClCompile>
    <ClCompile Include="lib\libposix\stdlib\exit.cpp">
      <Filter>Source Files</Filter>
    </ClCompile>
    <ClCompile Include="lib\libposix\stdlib\atoi.cpp">
      <Filter>Source Files</Filter>
    </ClCompile>
    <ClCompile Include="lib\libposix\stdlib\free.cpp">
      <Filter>Source Files</Filter>
    </ClCompile>
    <ClCompile Include="lib\libposix\stdlib\itoa.cpp">
      <Filter>Source Files</Filter>
    </ClCompile>
    <ClCompile Include="lib\libposix\stdlib\malloc.cpp">
      <Filter>Source Files</Filter>
    </ClCompile>
    <ClCompile Include="lib\libposix\stdlib\random.cpp">
      <Filter>Source Files</Filter>
    </ClCompile>
    <ClCompile Include="lib\libposix\stdlib\strtol.cpp">
      <Filter>Source Files</Filter>
    </ClCompile>
    <ClCompile Include="lib\libposix\fcntl\open.cpp">
      <Filter>Source Files</Filter>
    </ClCompile>
    <ClCompile Include="lib\libstd\HashFunction.cpp">
      <Filter>Source Files</Filter>
    </ClCompile>
    <ClCompile Include="lib\libipc\ChannelRegistry.cpp">
      <Filter>Source Files</Filter>
    </ClCompile>
    <ClCompile Include="lib\libipc\ChannelClient.cpp">
      <Filter>Source Files</Filter>
    </ClCompile>
    <ClCompile Include="lib\liballoc\PageAllocator.cpp">
      <Filter>Source Files</Filter>
    </ClCompile>
    <ClCompile Include="lib\libposix\Runtime.cpp">
      <Filter>Source Files</Filter>
    </ClCompile>
    <ClCompile Include="lib\libposix\string\memcpy.cpp">
      <Filter>Source Files</Filter>
    </ClCompile>
    <ClCompile Include="lib\libposix\string\memset.cpp">
      <Filter>Source Files</Filter>
    </ClCompile>
    <ClCompile Include="lib\libposix\string\strcasecmp.cpp">
      <Filter>Source Files</Filter>
    </ClCompile>
    <ClCompile Include="lib\libposix\string\strcat.cpp">
      <Filter>Source Files</Filter>
    </ClCompile>
    <ClCompile Include="lib\libposix\string\strchr.cpp">
      <Filter>Source Files</Filter>
    </ClCompile>
    <ClCompile Include="lib\libposix\string\strcmp.cpp">
      <Filter>Source Files</Filter>
    </ClCompile>
    <ClCompile Include="lib\libposix\string\strcpy.cpp">
      <Filter>Source Files</Filter>
    </ClCompile>
    <ClCompile Include="lib\libposix\string\strdup.cpp">
      <Filter>Source Files</Filter>
    </ClCompile>
    <ClCompile Include="lib\libposix\string\strerror.cpp">
      <Filter>Source Files</Filter>
    </ClCompile>
    <ClCompile Include="lib\libposix\string\strlcpy.cpp">
      <Filter>Source Files</Filter>
    </ClCompile>
    <ClCompile Include="lib\libposix\string\strlen.cpp">
      <Filter>Source Files</Filter>
    </ClCompile>
    <ClCompile Include="lib\libposix\string\strncasecmp.cpp">
      <Filter>Source Files</Filter>
    </ClCompile>
    <ClCompile Include="lib\libposix\string\strncat.cpp">
      <Filter>Source Files</Filter>
    </ClCompile>
    <ClCompile Include="lib\libposix\string\strncmp.cpp">
      <Filter>Source Files</Filter>
    </ClCompile>
    <ClCompile Include="lib\libposix\string\strncpy.cpp">
      <Filter>Source Files</Filter>
    </ClCompile>
    <ClCompile Include="lib\libposix\string\strndup.cpp">
      <Filter>Source Files</Filter>
    </ClCompile>
    <ClCompile Include="lib\libposix\string\strrchr.cpp">
      <Filter>Source Files</Filter>
    </ClCompile>
    <ClCompile Include="lib\libposix\unistd\chdir.cpp">
      <Filter>Source Files</Filter>
    </ClCompile>
    <ClCompile Include="lib\libposix\unistd\close.cpp">
      <Filter>Source Files</Filter>
    </ClCompile>
    <ClCompile Include="lib\libposix\unistd\execv.cpp">
      <Filter>Source Files</Filter>
    </ClCompile>
    <ClCompile Include="lib\libposix\unistd\forkexec.cpp">
      <Filter>Source Files</Filter>
    </ClCompile>
    <ClCompile Include="lib\libexec\ExecutableFormat.cpp">
      <Filter>Source Files</Filter>
    </ClCompile>
    <ClCompile Include="lib\libexec\ELF.cpp">
      <Filter>Source Files</Filter>
    </ClCompile>
    <ClCompile Include="kernel\API\ProcessCtl.cpp">
      <Filter>Source Files</Filter>
    </ClCompile>
    <ClCompile Include="kernel\API\VMCopy.cpp">
      <Filter>Source Files</Filter>
    </ClCompile>
    <ClCompile Include="lib\libposix\unistd\getcwd.cpp">
      <Filter>Source Files</Filter>
    </ClCompile>
    <ClCompile Include="lib\libposix\unistd\gethostname.cpp">
      <Filter>Source Files</Filter>
    </ClCompile>
    <ClCompile Include="lib\libposix\unistd\getpid.cpp">
      <Filter>Source Files</Filter>
    </ClCompile>
    <ClCompile Include="lib\libposix\unistd\getppid.cpp">
      <Filter>Source Files</Filter>
    </ClCompile>
    <ClCompile Include="lib\libposix\unistd\lseek.cpp">
      <Filter>Source Files</Filter>
    </ClCompile>
    <ClCompile Include="lib\libposix\unistd\read.cpp">
      <Filter>Source Files</Filter>
    </ClCompile>
    <ClCompile Include="lib\libposix\unistd\sleep.cpp">
      <Filter>Source Files</Filter>
    </ClCompile>
    <ClCompile Include="lib\libposix\unistd\spawn.cpp">
      <Filter>Source Files</Filter>
    </ClCompile>
    <ClCompile Include="lib\libposix\unistd\unlink.cpp">
      <Filter>Source Files</Filter>
    </ClCompile>
    <ClCompile Include="lib\libposix\unistd\write.cpp">
      <Filter>Source Files</Filter>
    </ClCompile>
    <ClCompile Include="lib\libposix\libgen\basename.cpp">
      <Filter>Source Files</Filter>
    </ClCompile>
    <ClCompile Include="lib\libposix\libgen\dirname.cpp">
      <Filter>Source Files</Filter>
    </ClCompile>
    <ClCompile Include="lib\libposix\dirent\opendir.cpp">
      <Filter>Source Files</Filter>
    </ClCompile>
    <ClCompile Include="lib\libposix\dirent\readdir.cpp">
      <Filter>Source Files</Filter>
    </ClCompile>
    <ClCompile Include="kernel\API\SystemInfo.cpp">
      <Filter>Source Files</Filter>
    </ClCompile>
    <ClCompile Include="lib\libposix\stdio\fclose.cpp">
      <Filter>Source Files</Filter>
    </ClCompile>
    <ClCompile Include="lib\libposix\stdio\fread.cpp">
      <Filter>Source Files</Filter>
    </ClCompile>
    <ClCompile Include="lib\libposix\stdio\printf.cpp">
      <Filter>Source Files</Filter>
    </ClCompile>
    <ClCompile Include="lib\libposix\stdio\vprintf.cpp">
      <Filter>Source Files</Filter>
    </ClCompile>
    <ClCompile Include="lib\libposix\stdio\vsnprintf.cpp">
      <Filter>Source Files</Filter>
    </ClCompile>
    <ClCompile Include="lib\libposix\stdio\snprintf.cpp">
      <Filter>Source Files</Filter>
    </ClCompile>
    <ClCompile Include="bin\cat\Main.cpp">
      <Filter>Source Files</Filter>
    </ClCompile>
    <ClCompile Include="bin\mapiping\Main.cpp">
      <Filter>Source Files</Filter>
    </ClCompile>
    <ClCompile Include="lib\libmpi\MPI_Comm.cpp">
      <Filter>Source Files</Filter>
    </ClCompile>
    <ClCompile Include="lib\libmpi\MPI_Send.cpp">
      <Filter>Source Files</Filter>
    </ClCompile>
    <ClCompile Include="lib\libmpi\MPI_Recv.cpp">
      <Filter>Source Files</Filter>
    </ClCompile>
    <ClCompile Include="lib\libmpi\MPI.cpp">
      <Filter>Source Files</Filter>
    </ClCompile>
    <ClCompile Include="lib\libnet\NetworkQueue.cpp">
      <Filter>Source Files</Filter>
    </ClCompile>
    <ClCompile Include="lib\libnet\NetworkProtocol.cpp">
      <Filter>Source Files</Filter>
    </ClCompile>
    <ClCompile Include="lib\libnet\IPV4.cpp">
      <Filter>Source Files</Filter>
    </ClCompile>
    <ClCompile Include="lib\libfs\DeviceServer.cpp">
      <Filter>Source Files</Filter>
    </ClCompile>
    <ClCompile Include="server\core\CoreServer.cpp">
      <Filter>Source Files</Filter>
    </ClCompile>
    <ClCompile Include="lib\libfs\FileSystemRequest.cpp">
      <Filter>Source Files</Filter>
    </ClCompile>
    <ClCompile Include="lib\libfs\FileSystem.cpp">
      <Filter>Source Files</Filter>
    </ClCompile>
    <ClCompile Include="lib\libposix\sys\stat\stat.cpp">
      <Filter>Source Files</Filter>
    </ClCompile>
    <ClCompile Include="lib\libposix\sys\stat\mknod.cpp">
      <Filter>Source Files</Filter>
    </ClCompile>
    <ClCompile Include="lib\libposix\sys\stat\mkdir.cpp">
      <Filter>Source Files</Filter>
    </ClCompile>
    <ClCompile Include="lib\libposix\sys\stat\create.cpp">
      <Filter>Source Files</Filter>
    </ClCompile>
    <ClCompile Include="server\filesystem\LinnDirectory.cpp">
      <Filter>Source Files</Filter>
    </ClCompile>
    <ClCompile Include="server\filesystem\LinnFile.cpp">
      <Filter>Source Files</Filter>
    </ClCompile>
  </ItemGroup>
  <ItemGroup>
    <ClInclude Include="lib\libarch\arm\broadcom\BroadcomGPIO.h">
      <Filter>Header Files</Filter>
    </ClInclude>
    <ClInclude Include="lib\libarch\arm\broadcom\BroadcomInterrupt.h">
      <Filter>Header Files</Filter>
    </ClInclude>
    <ClInclude Include="lib\libarch\arm\broadcom\BroadcomMailbox.h">
      <Filter>Header Files</Filter>
    </ClInclude>
    <ClInclude Include="lib\libarch\arm\broadcom\BroadcomPower.h">
      <Filter>Header Files</Filter>
    </ClInclude>
    <ClInclude Include="lib\libarch\arm\broadcom\BroadcomTimer.h">
      <Filter>Header Files</Filter>
    </ClInclude>
    <ClInclude Include="lib\libarch\arm\ARMCacheV6.h">
      <Filter>Header Files</Filter>
    </ClInclude>
    <ClInclude Include="lib\libarch\arm\ARMCacheV7.h">
      <Filter>Header Files</Filter>
    </ClInclude>
    <ClInclude Include="lib\libarch\arm\ARMConstant.h">
      <Filter>Header Files</Filter>
    </ClInclude>
    <ClInclude Include="lib\libarch\arm\ARMControl.h">
      <Filter>Header Files</Filter>
    </ClInclude>
    <ClInclude Include="lib\libarch\arm\ARMCore.h">
      <Filter>Header Files</Filter>
    </ClInclude>
    <ClInclude Include="lib\libarch\arm\ARMFirstTable.h">
      <Filter>Header Files</Filter>
    </ClInclude>
    <ClInclude Include="lib\libarch\arm\ARMInterrupt.h">
      <Filter>Header Files</Filter>
    </ClInclude>
    <ClInclude Include="lib\libarch\arm\ARMIO.h">
      <Filter>Header Files</Filter>
    </ClInclude>
    <ClInclude Include="lib\libarch\arm\ARMMap.h">
      <Filter>Header Files</Filter>
    </ClInclude>
    <ClInclude Include="lib\libarch\arm\ARMPaging.h">
      <Filter>Header Files</Filter>
    </ClInclude>
    <ClInclude Include="lib\libarch\arm\ARMSecondTable.h">
      <Filter>Header Files</Filter>
    </ClInclude>
    <ClInclude Include="lib\libarch\arm\ARMState.h">
      <Filter>Header Files</Filter>
    </ClInclude>
    <ClInclude Include="lib\libarch\arm\ARMTags.h">
      <Filter>Header Files</Filter>
    </ClInclude>
    <ClInclude Include="lib\libarch\intel\IntelACPI.h">
      <Filter>Header Files</Filter>
    </ClInclude>
    <ClInclude Include="lib\libarch\intel\IntelAPIC.h">
      <Filter>Header Files</Filter>
    </ClInclude>
    <ClInclude Include="lib\libarch\intel\IntelBoot.h">
      <Filter>Header Files</Filter>
    </ClInclude>
    <ClInclude Include="lib\libarch\intel\IntelCache.h">
      <Filter>Header Files</Filter>
    </ClInclude>
    <ClInclude Include="lib\libarch\intel\IntelConstant.h">
      <Filter>Header Files</Filter>
    </ClInclude>
    <ClInclude Include="lib\libarch\intel\IntelCore.h">
      <Filter>Header Files</Filter>
    </ClInclude>
    <ClInclude Include="lib\libarch\intel\IntelIO.h">
      <Filter>Header Files</Filter>
    </ClInclude>
    <ClInclude Include="lib\libarch\intel\IntelMap.h">
      <Filter>Header Files</Filter>
    </ClInclude>
    <ClInclude Include="lib\libarch\intel\IntelMP.h">
      <Filter>Header Files</Filter>
    </ClInclude>
    <ClInclude Include="lib\libarch\intel\IntelPageDirectory.h">
      <Filter>Header Files</Filter>
    </ClInclude>
    <ClInclude Include="lib\libarch\intel\IntelPageTable.h">
      <Filter>Header Files</Filter>
    </ClInclude>
    <ClInclude Include="lib\libarch\intel\IntelPaging.h">
      <Filter>Header Files</Filter>
    </ClInclude>
    <ClInclude Include="lib\libarch\intel\IntelPIC.h">
      <Filter>Header Files</Filter>
    </ClInclude>
    <ClInclude Include="lib\libarch\intel\IntelPIT.h">
      <Filter>Header Files</Filter>
    </ClInclude>
    <ClInclude Include="lib\libarch\intel\IntelState.h">
      <Filter>Header Files</Filter>
    </ClInclude>
    <ClInclude Include="config\intel\pc\System.h">
      <Filter>Header Files</Filter>
    </ClInclude>
    <ClInclude Include="lib\libstd\Log.h">
      <Filter>Header Files</Filter>
    </ClInclude>
    <ClInclude Include="lib\libstd\Singleton.h">
      <Filter>Header Files</Filter>
    </ClInclude>
    <ClInclude Include="lib\libstd\Macros.h">
      <Filter>Header Files</Filter>
    </ClInclude>
    <ClInclude Include="lib\libstd\String.h">
      <Filter>Header Files</Filter>
    </ClInclude>
    <ClInclude Include="lib\libstd\Types.h">
      <Filter>Header Files</Filter>
    </ClInclude>
    <ClInclude Include="lib\libstd\Assert.h">
      <Filter>Header Files</Filter>
    </ClInclude>
    <ClInclude Include="lib\libstd\Sequence.h">
      <Filter>Header Files</Filter>
    </ClInclude>
    <ClInclude Include="lib\libstd\Container.h">
      <Filter>Header Files</Filter>
    </ClInclude>
    <ClInclude Include="lib\libstd\Comparable.h">
      <Filter>Header Files</Filter>
    </ClInclude>
    <ClInclude Include="lib\libstd\MemoryBlock.h">
      <Filter>Header Files</Filter>
    </ClInclude>
    <ClInclude Include="lib\libstd\Character.h">
      <Filter>Header Files</Filter>
    </ClInclude>
    <ClInclude Include="lib\libstd\List.h">
      <Filter>Header Files</Filter>
    </ClInclude>
    <ClInclude Include="kernel\API.h">
      <Filter>Header Files</Filter>
    </ClInclude>
    <ClInclude Include="lib\libstd\Vector.h">
      <Filter>Header Files</Filter>
    </ClInclude>
    <ClInclude Include="kernel\API\PrivExec.h">
      <Filter>Header Files</Filter>
    </ClInclude>
    <ClInclude Include="kernel\intel\IntelKernel.h">
      <Filter>Header Files</Filter>
    </ClInclude>
    <ClInclude Include="kernel\intel\IntelProcess.h">
      <Filter>Header Files</Filter>
    </ClInclude>
    <ClInclude Include="kernel\intel\IntelSerial.h">
      <Filter>Header Files</Filter>
    </ClInclude>
    <ClInclude Include="lib\libarch\BootImage.h">
      <Filter>Header Files</Filter>
    </ClInclude>
    <ClInclude Include="kernel\ProcessManager.h">
      <Filter>Header Files</Filter>
    </ClInclude>
    <ClInclude Include="lib\libarch\MemoryMap.h">
      <Filter>Header Files</Filter>
    </ClInclude>
    <ClInclude Include="lib\libarch\Memory.h">
      <Filter>Header Files</Filter>
    </ClInclude>
    <ClInclude Include="lib\libstd\BitOperations.h">
      <Filter>Header Files</Filter>
    </ClInclude>
    <ClInclude Include="kernel\Process.h">
      <Filter>Header Files</Filter>
    </ClInclude>
    <ClInclude Include="lib\libarch\Timer.h">
      <Filter>Header Files</Filter>
    </ClInclude>
    <ClInclude Include="lib\libstd\Index.h">
      <Filter>Header Files</Filter>
    </ClInclude>
    <ClInclude Include="kernel\ProcessShares.h">
      <Filter>Header Files</Filter>
    </ClInclude>
    <ClInclude Include="lib\libarch\MemoryContext.h">
      <Filter>Header Files</Filter>
    </ClInclude>
    <ClInclude Include="lib\liballoc\SplitAllocator.h">
      <Filter>Header Files</Filter>
    </ClInclude>
    <ClInclude Include="lib\liballoc\Allocator.h">
      <Filter>Header Files</Filter>
    </ClInclude>
    <ClInclude Include="lib\liballoc\BitAllocator.h">
      <Filter>Header Files</Filter>
    </ClInclude>
    <ClInclude Include="lib\libstd\BitArray.h">
      <Filter>Header Files</Filter>
    </ClInclude>
    <ClInclude Include="config\arm\raspberry\System.h">
      <Filter>Header Files</Filter>
    </ClInclude>
    <ClInclude Include="lib\libarch\IntController.h">
      <Filter>Header Files</Filter>
    </ClInclude>
    <ClInclude Include="lib\libarch\Core.h">
      <Filter>Header Files</Filter>
    </ClInclude>
    <ClInclude Include="lib\libarch\IO.h">
      <Filter>Header Files</Filter>
    </ClInclude>
    <ClInclude Include="kernel\API\VMCtl.h">
      <Filter>Header Files</Filter>
    </ClInclude>
    <ClInclude Include="kernel\API\ProcessID.h">
      <Filter>Header Files</Filter>
    </ClInclude>
    <ClInclude Include="lib\libipc\MemoryChannel.h">
      <Filter>Header Files</Filter>
    </ClInclude>
    <ClInclude Include="lib\libipc\Channel.h">
      <Filter>Header Files</Filter>
    </ClInclude>
    <ClInclude Include="kernel\ProcessEvent.h">
      <Filter>Header Files</Filter>
    </ClInclude>
    <ClInclude Include="lib\libstd\ListIterator.h">
      <Filter>Header Files</Filter>
    </ClInclude>
    <ClInclude Include="lib\libstd\Iterator.h">
      <Filter>Header Files</Filter>
    </ClInclude>
    <ClInclude Include="kernel\Kernel.h">
      <Filter>Header Files</Filter>
    </ClInclude>
    <ClInclude Include="lib\libarch\CoreInfo.h">
      <Filter>Header Files</Filter>
    </ClInclude>
    <ClInclude Include="kernel\Scheduler.h">
      <Filter>Header Files</Filter>
    </ClInclude>
    <ClInclude Include="lib\liballoc\BublleAllocator.h">
      <Filter>Header Files</Filter>
    </ClInclude>
    <ClInclude Include="lib\liballoc\PoolAllocator.h">
      <Filter>Header Files</Filter>
    </ClInclude>
    <ClInclude Include="server\terminal\Terminal.h">
      <Filter>Header Files</Filter>
    </ClInclude>
    <ClInclude Include="lib\libfs\Device.h">
      <Filter>Header Files</Filter>
    </ClInclude>
    <ClInclude Include="build\host\include\Config.h">
      <Filter>Header Files</Filter>
    </ClInclude>
    <ClInclude Include="build\host\include\System.h">
      <Filter>Header Files</Filter>
    </ClInclude>
    <ClInclude Include="build\intel\pc\include\Config.h">
      <Filter>Header Files</Filter>
    </ClInclude>
    <ClInclude Include="build\intel\pc\include\System.h">
      <Filter>Header Files</Filter>
    </ClInclude>
    <ClInclude Include="build\intel\pc\rootfs\etc\Config.h">
      <Filter>Header Files</Filter>
    </ClInclude>
    <ClInclude Include="lib\libfs\File.h">
      <Filter>Header Files</Filter>
    </ClInclude>
    <ClInclude Include="lib\libfs\FileSystemMessage.h">
      <Filter>Header Files</Filter>
    </ClInclude>
    <ClInclude Include="lib\libipc\ChannelMessage.h">
      <Filter>Header Files</Filter>
    </ClInclude>
    <ClInclude Include="lib\libfs\FileType.h">
      <Filter>Header Files</Filter>
    </ClInclude>
    <ClInclude Include="lib\libfs\FileMode.h">
      <Filter>Header Files</Filter>
    </ClInclude>
    <ClInclude Include="lib\libfs\FileStat.h">
      <Filter>Header Files</Filter>
    </ClInclude>
    <ClInclude Include="lib\libfs\IOBuffer.h">
      <Filter>Header Files</Filter>
    </ClInclude>
    <ClInclude Include="lib\libposix\errno.h">
      <Filter>Header Files</Filter>
    </ClInclude>
    <ClInclude Include="lib\libteken\teken.h">
      <Filter>Header Files</Filter>
    </ClInclude>
    <ClInclude Include="lib\libposix\sys\types.h">
      <Filter>Header Files</Filter>
    </ClInclude>
    <ClInclude Include="lib\libposix\stdio.h">
      <Filter>Header Files</Filter>
    </ClInclude>
    <ClInclude Include="lib\libposix\stdarg.h">
      <Filter>Header Files</Filter>
    </ClInclude>
    <ClInclude Include="lib\libposix\fcntl.h">
      <Filter>Header Files</Filter>
    </ClInclude>
    <ClInclude Include="lib\libposix\stdlib.h">
      <Filter>Header Files</Filter>
    </ClInclude>
    <ClInclude Include="lib\libposix\Runtime.h">
      <Filter>Header Files</Filter>
    </ClInclude>
    <ClInclude Include="lib\libipc\ChannelClient.h">
      <Filter>Header Files</Filter>
    </ClInclude>
    <ClInclude Include="lib\libstd\Callback.h">
      <Filter>Header Files</Filter>
    </ClInclude>
    <ClInclude Include="lib\libipc\ChannelRegistry.h">
      <Filter>Header Files</Filter>
    </ClInclude>
    <ClInclude Include="lib\libstd\HashTable.h">
      <Filter>Header Files</Filter>
    </ClInclude>
    <ClInclude Include="lib\libstd\HashFunction.h">
      <Filter>Header Files</Filter>
    </ClInclude>
    <ClInclude Include="lib\libstd\Associative.h">
      <Filter>Header Files</Filter>
    </ClInclude>
    <ClInclude Include="lib\libstd\HashIterator.h">
      <Filter>Header Files</Filter>
    </ClInclude>
    <ClInclude Include="kernel\API\VMShare.h">
      <Filter>Header Files</Filter>
    </ClInclude>
    <ClInclude Include="lib\liballoc\PageAllocator.h">
      <Filter>Header Files</Filter>
    </ClInclude>
    <ClInclude Include="lib\libfs\FileSystemPath.h">
      <Filter>Header Files</Filter>
    </ClInclude>
    <ClInclude Include="lib\libposix\ctype.h">
      <Filter>Header Files</Filter>
    </ClInclude>
    <ClInclude Include="lib\libposix\FileDescriptor.h">
      <Filter>Header Files</Filter>
    </ClInclude>
    <ClInclude Include="lib\libposix\FileSystemMount.h">
      <Filter>Header Files</Filter>
    </ClInclude>
    <ClInclude Include="lib\libposix\limits.h">
      <Filter>Header Files</Filter>
    </ClInclude>
    <ClInclude Include="lib\libposix\string.h">
      <Filter>Header Files</Filter>
    </ClInclude>
    <ClInclude Include="lib\libposix\unistd.h">
      <Filter>Header Files</Filter>
    </ClInclude>
    <ClInclude Include="lib\libexec\ExecutableFormat.h">
      <Filter>Header Files</Filter>
    </ClInclude>
    <ClInclude Include="lib\libexec\ELF.h">
      <Filter>Header Files</Filter>
    </ClInclude>
    <ClInclude Include="lib\libstd\Factory.h">
      <Filter>Header Files</Filter>
    </ClInclude>
    <ClInclude Include="lib\libexec\ELFHeader.h">
      <Filter>Header Files</Filter>
    </ClInclude>
    <ClInclude Include="kernel\API\ProcessCtl.h">
      <Filter>Header Files</Filter>
    </ClInclude>
    <ClInclude Include="kernel\API\VMCopy.h">
      <Filter>Header Files</Filter>
    </ClInclude>
    <ClInclude Include="lib\libposix\libgen.h">
      <Filter>Header Files</Filter>
    </ClInclude>
    <ClInclude Include="lib\libposix\dirent.h">
      <Filter>Header Files</Filter>
    </ClInclude>
    <ClInclude Include="lib\libfs\Directory.h">
      <Filter>Header Files</Filter>
    </ClInclude>
    <ClInclude Include="lib\libposix\dirent\closedir.h">
      <Filter>Header Files</Filter>
    </ClInclude>
    <ClInclude Include="kernel\API\SystemInfo.h">
      <Filter>Header Files</Filter>
    </ClInclude>
    <ClInclude Include="lib\libmpi\mpi.h">
      <Filter>Header Files</Filter>
    </ClInclude>
    <ClInclude Include="lib\libmpi\MPIMessage.h">
      <Filter>Header Files</Filter>
    </ClInclude>
    <ClInclude Include="lib\libnet\ARP.h">
      <Filter>Header Files</Filter>
    </ClInclude>
    <ClInclude Include="lib\libnet\Ethernet.h">
      <Filter>Header Files</Filter>
    </ClInclude>
    <ClInclude Include="lib\libnet\NetworkProtocol.h">
      <Filter>Header Files</Filter>
    </ClInclude>
    <ClInclude Include="lib\libnet\NetworkQueue.h">
      <Filter>Header Files</Filter>
    </ClInclude>
    <ClInclude Include="lib\libnet\NetworkDevice.h">
      <Filter>Header Files</Filter>
    </ClInclude>
    <ClInclude Include="lib\libnet\IPV4.h">
      <Filter>Header Files</Filter>
    </ClInclude>
    <ClInclude Include="lib\libfs\DeviceServer.h">
      <Filter>Header Files</Filter>
    </ClInclude>
    <ClInclude Include="lib\libfs\FileSystem.h">
      <Filter>Header Files</Filter>
    </ClInclude>
    <ClInclude Include="lib\libipc\ChannelServer.h">
      <Filter>Header Files</Filter>
    </ClInclude>
    <ClInclude Include="server\core\CoreServer.h">
      <Filter>Header Files</Filter>
    </ClInclude>
    <ClInclude Include="lib\libarch\CoreManager.h">
      <Filter>Header Files</Filter>
    </ClInclude>
    <ClInclude Include="lib\libfs\FileCache.h">
      <Filter>Header Files</Filter>
    </ClInclude>
    <ClInclude Include="lib\libfs\FileSystemRequest.h">
      <Filter>Header Files</Filter>
    </ClInclude>
    <ClInclude Include="lib\libposix\sys\stat.h">
      <Filter>Header Files</Filter>
    </ClInclude>
    <ClInclude Include="server\filesystem\LinnDirectory.h">
      <Filter>Header Files</Filter>
    </ClInclude>
    <ClInclude Include="server\filesystem\LinnDirectoryEntry.h">
      <Filter>Header Files</Filter>
    </ClInclude>
    <ClInclude Include="server\filesystem\LinnFileSystem.h">
      <Filter>Header Files</Filter>
    </ClInclude>
    <ClInclude Include="lib\libfs\Storage.h">
      <Filter>Header Files</Filter>
    </ClInclude>
    <ClInclude Include="server\filesystem\LinnSupperBlock.h">
      <Filter>Header Files</Filter>
    </ClInclude>
    <ClInclude Include="server\filesystem\LinnInode.h">
      <Filter>Header Files</Filter>
    </ClInclude>
    <ClInclude Include="server\filesystem\LinnGroup.h">
      <Filter>Header Files</Filter>
    </ClInclude>
    <ClInclude Include="server\filesystem\LinnFile.h">
      <Filter>Header Files</Filter>
    </ClInclude>
  </ItemGroup>
  <ItemGroup>
    <None Include="lib\libarch\intel\IntelState.S" />
    <None Include="lib\libarch\intel\IntelMultiBoot.S" />
    <None Include="lib\libarch\intel\IntelBoot16.S" />
    <None Include="lib\libarch\intel\IntelBoot32.S" />
    <None Include="lib\libnet\NetworkServer.h" />
  </ItemGroup>
</Project>